
Microsoft Visual Studio Solution File, Format Version 12.00
# Visual Studio Version 16
VisualStudioVersion = 16.0.31624.102
MinimumVisualStudioVersion = 10.0.40219.1
Project("{FAE04EC0-301F-11D3-BF4B-00C04F79EFBC}") = "SegundoParcial", "SegundoParcial\SegundoParcial.csproj", "{0170FF27-580C-45E0-8BCF-0F4749165CBB}"
EndProject
Global
	GlobalSection(SolutionConfigurationPlatforms) = preSolution
		Debug|Any CPU = Debug|Any CPU
		Release|Any CPU = Release|Any CPU
	EndGlobalSection
	GlobalSection(ProjectConfigurationPlatforms) = postSolution
		{0170FF27-580C-45E0-8BCF-0F4749165CBB}.Debug|Any CPU.ActiveCfg = Debug|Any CPU
		{0170FF27-580C-45E0-8BCF-0F4749165CBB}.Debug|Any CPU.Build.0 = Debug|Any CPU
		{0170FF27-580C-45E0-8BCF-0F4749165CBB}.Release|Any CPU.ActiveCfg = Release|Any CPU
		{0170FF27-580C-45E0-8BCF-0F4749165CBB}.Release|Any CPU.Build.0 = Release|Any CPU
	EndGlobalSection
	GlobalSection(SolutionProperties) = preSolution
		HideSolutionNode = FALSE
	EndGlobalSection
	GlobalSection(ExtensibilityGlobals) = postSolution
		SolutionGuid = {C161DC9C-2178-4191-95A2-75D8F3417C28}
	EndGlobalSection
EndGlobal
